
Microsoft Visual Studio Solution File, Format Version 12.00
# Visual Studio Version 17
VisualStudioVersion = 17.2.32602.215
MinimumVisualStudioVersion = 10.0.40219.1
Project("{9A19103F-16F7-4668-BE54-9A1E7A4F7556}") = "BudgetTrack.API", "BudgetTrack.API.csproj", "{A9EC684A-341F-457D-A00E-82C50C495C19}"
EndProject
Project("{9A19103F-16F7-4668-BE54-9A1E7A4F7556}") = "BudgetTrack.Domain", "..\BudgetTrack.Domain\BudgetTrack.Domain.csproj", "{4EF39E07-917A-4310-BD13-23EA8AE82F99}"
EndProject
Project("{9A19103F-16F7-4668-BE54-9A1E7A4F7556}") = "BudgetTrack.Data", "..\BudgetTrack.Data\BudgetTrack.Data.csproj", "{ACEC121F-B0CF-4634-B7C2-DDA7C0BBC54E}"
EndProject
Project("{9A19103F-16F7-4668-BE54-9A1E7A4F7556}") = "BudgetTrack.DAL", "..\BudgetTrack.DAL\BudgetTrack.DAL.csproj", "{BB8356B0-5F55-4C94-AC69-64EC1A0D9B7D}"
EndProject
Project("{9A19103F-16F7-4668-BE54-9A1E7A4F7556}") = "BudgetTrack.BAL", "..\BudgetTrack.BAL\BudgetTrack.BAL.csproj", "{B213912F-6C6B-4D39-B3CD-10C6C69C46E4}"
EndProject
Project("{9A19103F-16F7-4668-BE54-9A1E7A4F7556}") = "BudgetTrack.Common", "..\BudgetTrack.Common\BudgetTrack.Common.csproj", "{0D6EB322-D74A-4885-94F9-BE07D74DB780}"
EndProject
Project("{FAE04EC0-301F-11D3-BF4B-00C04F79EFBC}") = "BudgetTrack.Tests", "..\BudgetTrack.Tests\BudgetTrack.Tests.csproj", "{FC8E28CE-C88F-4269-8A11-E8847ECE2F1E}"
EndProject
Global
	GlobalSection(SolutionConfigurationPlatforms) = preSolution
		Debug|Any CPU = Debug|Any CPU
		Release|Any CPU = Release|Any CPU
	EndGlobalSection
	GlobalSection(ProjectConfigurationPlatforms) = postSolution
		{A9EC684A-341F-457D-A00E-82C50C495C19}.Debug|Any CPU.ActiveCfg = Debug|Any CPU
		{A9EC684A-341F-457D-A00E-82C50C495C19}.Debug|Any CPU.Build.0 = Debug|Any CPU
		{A9EC684A-341F-457D-A00E-82C50C495C19}.Release|Any CPU.ActiveCfg = Release|Any CPU
		{A9EC684A-341F-457D-A00E-82C50C495C19}.Release|Any CPU.Build.0 = Release|Any CPU
		{4EF39E07-917A-4310-BD13-23EA8AE82F99}.Debug|Any CPU.ActiveCfg = Debug|Any CPU
		{4EF39E07-917A-4310-BD13-23EA8AE82F99}.Debug|Any CPU.Build.0 = Debug|Any CPU
		{4EF39E07-917A-4310-BD13-23EA8AE82F99}.Release|Any CPU.ActiveCfg = Release|Any CPU
		{4EF39E07-917A-4310-BD13-23EA8AE82F99}.Release|Any CPU.Build.0 = Release|Any CPU
		{ACEC121F-B0CF-4634-B7C2-DDA7C0BBC54E}.Debug|Any CPU.ActiveCfg = Debug|Any CPU
		{ACEC121F-B0CF-4634-B7C2-DDA7C0BBC54E}.Debug|Any CPU.Build.0 = Debug|Any CPU
		{ACEC121F-B0CF-4634-B7C2-DDA7C0BBC54E}.Release|Any CPU.ActiveCfg = Release|Any CPU
		{ACEC121F-B0CF-4634-B7C2-DDA7C0BBC54E}.Release|Any CPU.Build.0 = Release|Any CPU
		{BB8356B0-5F55-4C94-AC69-64EC1A0D9B7D}.Debug|Any CPU.ActiveCfg = Debug|Any CPU
		{BB8356B0-5F55-4C94-AC69-64EC1A0D9B7D}.Debug|Any CPU.Build.0 = Debug|Any CPU
		{BB8356B0-5F55-4C94-AC69-64EC1A0D9B7D}.Release|Any CPU.ActiveCfg = Release|Any CPU
		{BB8356B0-5F55-4C94-AC69-64EC1A0D9B7D}.Release|Any CPU.Build.0 = Release|Any CPU
		{B213912F-6C6B-4D39-B3CD-10C6C69C46E4}.Debug|Any CPU.ActiveCfg = Debug|Any CPU
		{B213912F-6C6B-4D39-B3CD-10C6C69C46E4}.Debug|Any CPU.Build.0 = Debug|Any CPU
		{B213912F-6C6B-4D39-B3CD-10C6C69C46E4}.Release|Any CPU.ActiveCfg = Release|Any CPU
		{B213912F-6C6B-4D39-B3CD-10C6C69C46E4}.Release|Any CPU.Build.0 = Release|Any CPU
		{0D6EB322-D74A-4885-94F9-BE07D74DB780}.Debug|Any CPU.ActiveCfg = Debug|Any CPU
		{0D6EB322-D74A-4885-94F9-BE07D74DB780}.Debug|Any CPU.Build.0 = Debug|Any CPU
		{0D6EB322-D74A-4885-94F9-BE07D74DB780}.Release|Any CPU.ActiveCfg = Release|Any CPU
		{0D6EB322-D74A-4885-94F9-BE07D74DB780}.Release|Any CPU.Build.0 = Release|Any CPU
		{FC8E28CE-C88F-4269-8A11-E8847ECE2F1E}.Debug|Any CPU.ActiveCfg = Debug|Any CPU
		{FC8E28CE-C88F-4269-8A11-E8847ECE2F1E}.Debug|Any CPU.Build.0 = Debug|Any CPU
		{FC8E28CE-C88F-4269-8A11-E8847ECE2F1E}.Release|Any CPU.ActiveCfg = Release|Any CPU
		{FC8E28CE-C88F-4269-8A11-E8847ECE2F1E}.Release|Any CPU.Build.0 = Release|Any CPU
	EndGlobalSection
	GlobalSection(SolutionProperties) = preSolution
		HideSolutionNode = FALSE
	EndGlobalSection
	GlobalSection(ExtensibilityGlobals) = postSolution
		SolutionGuid = {ED0C7D7A-7D66-4874-8A3A-21A0FA57258C}
	EndGlobalSection
EndGlobal
